
Microsoft Visual Studio Solution File, Format Version 12.00
# Visual Studio Version 16
VisualStudioVersion = 16.0.29201.188
MinimumVisualStudioVersion = 10.0.40219.1
Project("{FAE04EC0-301F-11D3-BF4B-00C04F79EFBC}") = "4-9.1", "4-9.1\4-9.1.csproj", "{FAFB16E3-64DE-4DE4-9264-B0424C3F09B6}"
EndProject
Global
	GlobalSection(SolutionConfigurationPlatforms) = preSolution
		Debug|Any CPU = Debug|Any CPU
		Release|Any CPU = Release|Any CPU
	EndGlobalSection
	GlobalSection(ProjectConfigurationPlatforms) = postSolution
		{FAFB16E3-64DE-4DE4-9264-B0424C3F09B6}.Debug|Any CPU.ActiveCfg = Debug|Any CPU
		{FAFB16E3-64DE-4DE4-9264-B0424C3F09B6}.Debug|Any CPU.Build.0 = Debug|Any CPU
		{FAFB16E3-64DE-4DE4-9264-B0424C3F09B6}.Release|Any CPU.ActiveCfg = Release|Any CPU
		{FAFB16E3-64DE-4DE4-9264-B0424C3F09B6}.Release|Any CPU.Build.0 = Release|Any CPU
	EndGlobalSection
	GlobalSection(SolutionProperties) = preSolution
		HideSolutionNode = FALSE
	EndGlobalSection
	GlobalSection(ExtensibilityGlobals) = postSolution
		SolutionGuid = {414D389B-D6F8-46ED-A624-CC08D5624E00}
	EndGlobalSection
EndGlobal
